// !$*UTF8*$!
{
	archiveVersion = 1;
	classes = {
	};
	objectVersion = 56;
	objects = {

/* Begin PBXBuildFile section */
		07C165272997C50C002B399B /* CineApp.swift in Sources */ = {isa = PBXBuildFile; fileRef = 07C165262997C50C002B399B /* CineApp.swift */; };
		07C165292997C50D002B399B /* ContentView.swift in Sources */ = {isa = PBXBuildFile; fileRef = 07C165282997C50D002B399B /* ContentView.swift */; };
		07C1652B2997C50E002B399B /* Assets.xcassets in Resources */ = {isa = PBXBuildFile; fileRef = 07C1652A2997C50E002B399B /* Assets.xcassets */; };
		07C1652F2997C50E002B399B /* Preview Assets.xcassets in Resources */ = {isa = PBXBuildFile; fileRef = 07C1652E2997C50E002B399B /* Preview Assets.xcassets */; };
		07C165392997C50E002B399B /* CineAppTests.swift in Sources */ = {isa = PBXBuildFile; fileRef = 07C165382997C50E002B399B /* CineAppTests.swift */; };
		07C165432997C50E002B399B /* CineAppUITests.swift in Sources */ = {isa = PBXBuildFile; fileRef = 07C165422997C50E002B399B /* CineAppUITests.swift */; };
		07C165452997C50E002B399B /* CineAppUITestsLaunchTests.swift in Sources */ = {isa = PBXBuildFile; fileRef = 07C165442997C50E002B399B /* CineAppUITestsLaunchTests.swift */; };
/* End PBXBuildFile section */

/* Begin PBXContainerItemProxy section */
		07C165352997C50E002B399B /* PBXContainerItemProxy */ = {
			isa = PBXContainerItemProxy;
			containerPortal = 07C1651B2997C50C002B399B /* Project object */;
			proxyType = 1;
			remoteGlobalIDString = 07C165222997C50C002B399B;
			remoteInfo = CineApp;
		};
		07C1653F2997C50E002B399B /* PBXContainerItemProxy */ = {
			isa = PBXContainerItemProxy;
			containerPortal = 07C1651B2997C50C002B399B /* Project object */;
			proxyType = 1;
			remoteGlobalIDString = 07C165222997C50C002B399B;
			remoteInfo = CineApp;
		};
/* End PBXContainerItemProxy section */

/* Begin PBXFileReference section */
		07C165232997C50C002B399B /* CineApp.app */ = {isa = PBXFileReference; explicitFileType = wrapper.application; includeInIndex = 0; path = CineApp.app; sourceTree = BUILT_PRODUCTS_DIR; };
		07C165262997C50C002B399B /* CineApp.swift */ = {isa = PBXFileReference; lastKnownFileType = sourcecode.swift; path = CineApp.swift; sourceTree = "<group>"; };
		07C165282997C50D002B399B /* ContentView.swift */ = {isa = PBXFileReference; lastKnownFileType = sourcecode.swift; path = ContentView.swift; sourceTree = "<group>"; };
		07C1652A2997C50E002B399B /* Assets.xcassets */ = {isa = PBXFileReference; lastKnownFileType = folder.assetcatalog; path = Assets.xcassets; sourceTree = "<group>"; };
		07C1652C2997C50E002B399B /* CineApp.entitlements */ = {isa = PBXFileReference; lastKnownFileType = text.plist.entitlements; path = CineApp.entitlements; sourceTree = "<group>"; };
		07C1652E2997C50E002B399B /* Preview Assets.xcassets */ = {isa = PBXFileReference; lastKnownFileType = folder.assetcatalog; path = "Preview Assets.xcassets"; sourceTree = "<group>"; };
		07C165342997C50E002B399B /* CineAppTests.xctest */ = {isa = PBXFileReference; explicitFileType = wrapper.cfbundle; includeInIndex = 0; path = CineAppTests.xctest; sourceTree = BUILT_PRODUCTS_DIR; };
		07C165382997C50E002B399B /* CineAppTests.swift */ = {isa = PBXFileReference; lastKnownFileType = sourcecode.swift; path = CineAppTests.swift; sourceTree = "<group>"; };
		07C1653E2997C50E002B399B /* CineAppUITests.xctest */ = {isa = PBXFileReference; explicitFileType = wrapper.cfbundle; includeInIndex = 0; path = CineAppUITests.xctest; sourceTree = BUILT_PRODUCTS_DIR; };
		07C165422997C50E002B399B /* CineAppUITests.swift */ = {isa = PBXFileReference; lastKnownFileType = sourcecode.swift; path = CineAppUITests.swift; sourceTree = "<group>"; };
		07C165442997C50E002B399B /* CineAppUITestsLaunchTests.swift */ = {isa = PBXFileReference; lastKnownFileType = sourcecode.swift; path = CineAppUITestsLaunchTests.swift; sourceTree = "<group>"; };
/* End PBXFileReference section */

/* Begin PBXFrameworksBuildPhase section */
		07C165202997C50C002B399B /* Frameworks */ = {
			isa = PBXFrameworksBuildPhase;
			buildActionMask = 2147483647;
			files = (
			);
			runOnlyForDeploymentPostprocessing = 0;
		};
		07C165312997C50E002B399B /* Frameworks */ = {
			isa = PBXFrameworksBuildPhase;
			buildActionMask = 2147483647;
			files = (
			);
			runOnlyForDeploymentPostprocessing = 0;
		};
		07C1653B2997C50E002B399B /* Frameworks */ = {
			isa = PBXFrameworksBuildPhase;
			buildActionMask = 2147483647;
			files = (
			);
			runOnlyForDeploymentPostprocessing = 0;
		};
/* End PBXFrameworksBuildPhase section */

/* Begin PBXGroup section */
		07C1651A2997C50C002B399B = {
			isa = PBXGroup;
			children = (
				07C165252997C50C002B399B /* CineApp */,
				07C165372997C50E002B399B /* CineAppTests */,
				07C165412997C50E002B399B /* CineAppUITests */,
				07C165242997C50C002B399B /* Products */,
			);
			sourceTree = "<group>";
		};
		07C165242997C50C002B399B /* Products */ = {
			isa = PBXGroup;
			children = (
				07C165232997C50C002B399B /* CineApp.app */,
				07C165342997C50E002B399B /* CineAppTests.xctest */,
				07C1653E2997C50E002B399B /* CineAppUITests.xctest */,
			);
			name = Products;
			sourceTree = "<group>";
		};
		07C165252997C50C002B399B /* CineApp */ = {
			isa = PBXGroup;
			children = (
				07C165542997C805002B399B /* Scenes */,
				07C165532997C7D7002B399B /* Models */,
				07C165522997C7A1002B399B /* Network */,
				07C165512997C797002B399B /* Support */,
			);
			path = CineApp;
			sourceTree = "<group>";
		};
		07C1652D2997C50E002B399B /* Preview Content */ = {
			isa = PBXGroup;
			children = (
				07C1652E2997C50E002B399B /* Preview Assets.xcassets */,
			);
			path = "Preview Content";
			sourceTree = "<group>";
		};
		07C165372997C50E002B399B /* CineAppTests */ = {
			isa = PBXGroup;
			children = (
				07C165382997C50E002B399B /* CineAppTests.swift */,
			);
			path = CineAppTests;
			sourceTree = "<group>";
		};
		07C165412997C50E002B399B /* CineAppUITests */ = {
			isa = PBXGroup;
			children = (
				07C165422997C50E002B399B /* CineAppUITests.swift */,
				07C165442997C50E002B399B /* CineAppUITestsLaunchTests.swift */,
			);
			path = CineAppUITests;
			sourceTree = "<group>";
		};
		07C165512997C797002B399B /* Support */ = {
			isa = PBXGroup;
			children = (
				07C165262997C50C002B399B /* CineApp.swift */,
				07C1652A2997C50E002B399B /* Assets.xcassets */,
				07C1652C2997C50E002B399B /* CineApp.entitlements */,
				07C1652D2997C50E002B399B /* Preview Content */,
			);
			path = Support;
			sourceTree = "<group>";
		};
		07C165522997C7A1002B399B /* Network */ = {
			isa = PBXGroup;
			children = (
			);
			path = Network;
			sourceTree = "<group>";
		};
		07C165532997C7D7002B399B /* Models */ = {
			isa = PBXGroup;
			children = (
			);
			path = Models;
			sourceTree = "<group>";
		};
		07C165542997C805002B399B /* Scenes */ = {
			isa = PBXGroup;
			children = (
				07C165282997C50D002B399B /* ContentView.swift */,
			);
			path = Scenes;
			sourceTree = "<group>";
		};
/* End PBXGroup section */

/* Begin PBXNativeTarget section */
		07C165222997C50C002B399B /* CineApp */ = {
			isa = PBXNativeTarget;
			buildConfigurationList = 07C165482997C50E002B399B /* Build configuration list for PBXNativeTarget "CineApp" */;
			buildPhases = (
				07C1651F2997C50C002B399B /* Sources */,
				07C165202997C50C002B399B /* Frameworks */,
				07C165212997C50C002B399B /* Resources */,
			);
			buildRules = (
			);
			dependencies = (
			);
			name = CineApp;
			productName = CineApp;
			productReference = 07C165232997C50C002B399B /* CineApp.app */;
			productType = "com.apple.product-type.application";
		};
		07C165332997C50E002B399B /* CineAppTests */ = {
			isa = PBXNativeTarget;
			buildConfigurationList = 07C1654B2997C50E002B399B /* Build configuration list for PBXNativeTarget "CineAppTests" */;
			buildPhases = (
				07C165302997C50E002B399B /* Sources */,
				07C165312997C50E002B399B /* Frameworks */,
				07C165322997C50E002B399B /* Resources */,
			);
			buildRules = (
			);
			dependencies = (
				07C165362997C50E002B399B /* PBXTargetDependency */,
			);
			name = CineAppTests;
			productName = CineAppTests;
			productReference = 07C165342997C50E002B399B /* CineAppTests.xctest */;
			productType = "com.apple.product-type.bundle.unit-test";
		};
		07C1653D2997C50E002B399B /* CineAppUITests */ = {
			isa = PBXNativeTarget;
			buildConfigurationList = 07C1654E2997C50E002B399B /* Build configuration list for PBXNativeTarget "CineAppUITests" */;
			buildPhases = (
				07C1653A2997C50E002B399B /* Sources */,
				07C1653B2997C50E002B399B /* Frameworks */,
				07C1653C2997C50E002B399B /* Resources */,
			);
			buildRules = (
			);
			dependencies = (
				07C165402997C50E002B399B /* PBXTargetDependency */,
			);
			name = CineAppUITests;
			productName = CineAppUITests;
			productReference = 07C1653E2997C50E002B399B /* CineAppUITests.xctest */;
			productType = "com.apple.product-type.bundle.ui-testing";
		};
/* End PBXNativeTarget section */

/* Begin PBXProject section */
		07C1651B2997C50C002B399B /* Project object */ = {
			isa = PBXProject;
			attributes = {
				BuildIndependentTargetsInParallel = 1;
				LastSwiftUpdateCheck = 1420;
				LastUpgradeCheck = 1420;
				TargetAttributes = {
					07C165222997C50C002B399B = {
						CreatedOnToolsVersion = 14.2;
					};
					07C165332997C50E002B399B = {
						CreatedOnToolsVersion = 14.2;
						TestTargetID = 07C165222997C50C002B399B;
					};
					07C1653D2997C50E002B399B = {
						CreatedOnToolsVersion = 14.2;
						TestTargetID = 07C165222997C50C002B399B;
					};
				};
			};
			buildConfigurationList = 07C1651E2997C50C002B399B /* Build configuration list for PBXProject "CineApp" */;
			compatibilityVersion = "Xcode 14.0";
			developmentRegion = en;
			hasScannedForEncodings = 0;
			knownRegions = (
				en,
				Base,
			);
			mainGroup = 07C1651A2997C50C002B399B;
			productRefGroup = 07C165242997C50C002B399B /* Products */;
			projectDirPath = "";
			projectRoot = "";
			targets = (
				07C165222997C50C002B399B /* CineApp */,
				07C165332997C50E002B399B /* CineAppTests */,
				07C1653D2997C50E002B399B /* CineAppUITests */,
			);
		};
/* End PBXProject section */

/* Begin PBXResourcesBuildPhase section */
		07C165212997C50C002B399B /* Resources */ = {
			isa = PBXResourcesBuildPhase;
			buildActionMask = 2147483647;
			files = (
				07C1652F2997C50E002B399B /* Preview Assets.xcassets in Resources */,
				07C1652B2997C50E002B399B /* Assets.xcassets in Resources */,
			);
			runOnlyForDeploymentPostprocessing = 0;
		};
		07C165322997C50E002B399B /* Resources */ = {
			isa = PBXResourcesBuildPhase;
			buildActionMask = 2147483647;
			files = (
			);
			runOnlyForDeploymentPostprocessing = 0;
		};
		07C1653C2997C50E002B399B /* Resources */ = {
			isa = PBXResourcesBuildPhase;
			buildActionMask = 2147483647;
			files = (
			);
			runOnlyForDeploymentPostprocessing = 0;
		};
/* End PBXResourcesBuildPhase section */

/* Begin PBXSourcesBuildPhase section */
		07C1651F2997C50C002B399B /* Sources */ = {
			isa = PBXSourcesBuildPhase;
			buildActionMask = 2147483647;
			files = (
				07C165292997C50D002B399B /* ContentView.swift in Sources */,
				07C165272997C50C002B399B /* CineApp.swift in Sources */,
			);
			runOnlyForDeploymentPostprocessing = 0;
		};
		07C165302997C50E002B399B /* Sources */ = {
			isa = PBXSourcesBuildPhase;
			buildActionMask = 2147483647;
			files = (
				07C165392997C50E002B399B /* CineAppTests.swift in Sources */,
			);
			runOnlyForDeploymentPostprocessing = 0;
		};
		07C1653A2997C50E002B399B /* Sources */ = {
			isa = PBXSourcesBuildPhase;
			buildActionMask = 2147483647;
			files = (
				07C165432997C50E002B399B /* CineAppUITests.swift in Sources */,
				07C165452997C50E002B399B /* CineAppUITestsLaunchTests.swift in Sources */,
			);
			runOnlyForDeploymentPostprocessing = 0;
		};
/* End PBXSourcesBuildPhase section */

/* Begin PBXTargetDependency section */
		07C165362997C50E002B399B /* PBXTargetDependency */ = {
			isa = PBXTargetDependency;
			target = 07C165222997C50C002B399B /* CineApp */;
			targetProxy = 07C165352997C50E002B399B /* PBXContainerItemProxy */;
		};
		07C165402997C50E002B399B /* PBXTargetDependency */ = {
			isa = PBXTargetDependency;
			target = 07C165222997C50C002B399B /* CineApp */;
			targetProxy = 07C1653F2997C50E002B399B /* PBXContainerItemProxy */;
		};
/* End PBXTargetDependency section */

/* Begin XCBuildConfiguration section */
		07C165462997C50E002B399B /* Debug */ = {
			isa = XCBuildConfiguration;
			buildSettings = {
				ALWAYS_SEARCH_USER_PATHS = NO;
				CLANG_ANALYZER_NONNULL = YES;
				CLANG_ANALYZER_NUMBER_OBJECT_CONVERSION = YES_AGGRESSIVE;
				CLANG_CXX_LANGUAGE_STANDARD = "gnu++20";
				CLANG_ENABLE_MODULES = YES;
				CLANG_ENABLE_OBJC_ARC = YES;
				CLANG_ENABLE_OBJC_WEAK = YES;
				CLANG_WARN_BLOCK_CAPTURE_AUTORELEASING = YES;
				CLANG_WARN_BOOL_CONVERSION = YES;
				CLANG_WARN_COMMA = YES;
				CLANG_WARN_CONSTANT_CONVERSION = YES;
				CLANG_WARN_DEPRECATED_OBJC_IMPLEMENTATIONS = YES;
				CLANG_WARN_DIRECT_OBJC_ISA_USAGE = YES_ERROR;
				CLANG_WARN_DOCUMENTATION_COMMENTS = YES;
				CLANG_WARN_EMPTY_BODY = YES;
				CLANG_WARN_ENUM_CONVERSION = YES;
				CLANG_WARN_INFINITE_RECURSION = YES;
				CLANG_WARN_INT_CONVERSION = YES;
				CLANG_WARN_NON_LITERAL_NULL_CONVERSION = YES;
				CLANG_WARN_OBJC_IMPLICIT_RETAIN_SELF = YES;
				CLANG_WARN_OBJC_LITERAL_CONVERSION = YES;
				CLANG_WARN_OBJC_ROOT_CLASS = YES_ERROR;
				CLANG_WARN_QUOTED_INCLUDE_IN_FRAMEWORK_HEADER = YES;
				CLANG_WARN_RANGE_LOOP_ANALYSIS = YES;
				CLANG_WARN_STRICT_PROTOTYPES = YES;
				CLANG_WARN_SUSPICIOUS_MOVE = YES;
				CLANG_WARN_UNGUARDED_AVAILABILITY = YES_AGGRESSIVE;
				CLANG_WARN_UNREACHABLE_CODE = YES;
				CLANG_WARN__DUPLICATE_METHOD_MATCH = YES;
				COPY_PHASE_STRIP = NO;
				DEBUG_INFORMATION_FORMAT = dwarf;
				ENABLE_STRICT_OBJC_MSGSEND = YES;
				ENABLE_TESTABILITY = YES;
				GCC_C_LANGUAGE_STANDARD = gnu11;
				GCC_DYNAMIC_NO_PIC = NO;
				GCC_NO_COMMON_BLOCKS = YES;
				GCC_OPTIMIZATION_LEVEL = 0;
				GCC_PREPROCESSOR_DEFINITIONS = (
					"DEBUG=1",
					"$(inherited)",
				);
				GCC_WARN_64_TO_32_BIT_CONVERSION = YES;
				GCC_WARN_ABOUT_RETURN_TYPE = YES_ERROR;
				GCC_WARN_UNDECLARED_SELECTOR = YES;
				GCC_WARN_UNINITIALIZED_AUTOS = YES_AGGRESSIVE;
				GCC_WARN_UNUSED_FUNCTION = YES;
				GCC_WARN_UNUSED_VARIABLE = YES;
				MTL_ENABLE_DEBUG_INFO = INCLUDE_SOURCE;
				MTL_FAST_MATH = YES;
				ONLY_ACTIVE_ARCH = YES;
				SWIFT_ACTIVE_COMPILATION_CONDITIONS = DEBUG;
				SWIFT_OPTIMIZATION_LEVEL = "-Onone";
			};
			name = Debug;
		};
		07C165472997C50E002B399B /* Release */ = {
			isa = XCBuildConfiguration;
			buildSettings = {
				ALWAYS_SEARCH_USER_PATHS = NO;
				CLANG_ANALYZER_NONNULL = YES;
				CLANG_ANALYZER_NUMBER_OBJECT_CONVERSION = YES_AGGRESSIVE;
				CLANG_CXX_LANGUAGE_STANDARD = "gnu++20";
				CLANG_ENABLE_MODULES = YES;
				CLANG_ENABLE_OBJC_ARC = YES;
				CLANG_ENABLE_OBJC_WEAK = YES;
				CLANG_WARN_BLOCK_CAPTURE_AUTORELEASING = YES;
				CLANG_WARN_BOOL_CONVERSION = YES;
				CLANG_WARN_COMMA = YES;
				CLANG_WARN_CONSTANT_CONVERSION = YES;
				CLANG_WARN_DEPRECATED_OBJC_IMPLEMENTATIONS = YES;
				CLANG_WARN_DIRECT_OBJC_ISA_USAGE = YES_ERROR;
				CLANG_WARN_DOCUMENTATION_COMMENTS = YES;
				CLANG_WARN_EMPTY_BODY = YES;
				CLANG_WARN_ENUM_CONVERSION = YES;
				CLANG_WARN_INFINITE_RECURSION = YES;
				CLANG_WARN_INT_CONVERSION = YES;
				CLANG_WARN_NON_LITERAL_NULL_CONVERSION = YES;
				CLANG_WARN_OBJC_IMPLICIT_RETAIN_SELF = YES;
				CLANG_WARN_OBJC_LITERAL_CONVERSION = YES;
				CLANG_WARN_OBJC_ROOT_CLASS = YES_ERROR;
				CLANG_WARN_QUOTED_INCLUDE_IN_FRAMEWORK_HEADER = YES;
				CLANG_WARN_RANGE_LOOP_ANALYSIS = YES;
				CLANG_WARN_STRICT_PROTOTYPES = YES;
				CLANG_WARN_SUSPICIOUS_MOVE = YES;
				CLANG_WARN_UNGUARDED_AVAILABILITY = YES_AGGRESSIVE;
				CLANG_WARN_UNREACHABLE_CODE = YES;
				CLANG_WARN__DUPLICATE_METHOD_MATCH = YES;
				COPY_PHASE_STRIP = NO;
				DEBUG_INFORMATION_FORMAT = "dwarf-with-dsym";
				ENABLE_NS_ASSERTIONS = NO;
				ENABLE_STRICT_OBJC_MSGSEND = YES;
				GCC_C_LANGUAGE_STANDARD = gnu11;
				GCC_NO_COMMON_BLOCKS = YES;
				GCC_WARN_64_TO_32_BIT_CONVERSION = YES;
				GCC_WARN_ABOUT_RETURN_TYPE = YES_ERROR;
				GCC_WARN_UNDECLARED_SELECTOR = YES;
				GCC_WARN_UNINITIALIZED_AUTOS = YES_AGGRESSIVE;
				GCC_WARN_UNUSED_FUNCTION = YES;
				GCC_WARN_UNUSED_VARIABLE = YES;
				MTL_ENABLE_DEBUG_INFO = NO;
				MTL_FAST_MATH = YES;
				SWIFT_COMPILATION_MODE = wholemodule;
				SWIFT_OPTIMIZATION_LEVEL = "-O";
			};
			name = Release;
		};
		07C165492997C50E002B399B /* Debug */ = {
			isa = XCBuildConfiguration;
			buildSettings = {
				ASSETCATALOG_COMPILER_APPICON_NAME = AppIcon;
				ASSETCATALOG_COMPILER_GLOBAL_ACCENT_COLOR_NAME = AccentColor;
				CODE_SIGN_ENTITLEMENTS = CineApp/Support/CineApp.entitlements;
				CODE_SIGN_STYLE = Automatic;
				CURRENT_PROJECT_VERSION = 1;
				DEVELOPMENT_ASSET_PATHS = "\"CineApp/Support/Preview Content\"";
				ENABLE_PREVIEWS = YES;
				GENERATE_INFOPLIST_FILE = YES;
				"INFOPLIST_KEY_UIApplicationSceneManifest_Generation[sdk=iphoneos*]" = YES;
				"INFOPLIST_KEY_UIApplicationSceneManifest_Generation[sdk=iphonesimulator*]" = YES;
				"INFOPLIST_KEY_UIApplicationSupportsIndirectInputEvents[sdk=iphoneos*]" = YES;
				"INFOPLIST_KEY_UIApplicationSupportsIndirectInputEvents[sdk=iphonesimulator*]" = YES;
				"INFOPLIST_KEY_UILaunchScreen_Generation[sdk=iphoneos*]" = YES;
				"INFOPLIST_KEY_UILaunchScreen_Generation[sdk=iphonesimulator*]" = YES;
				"INFOPLIST_KEY_UIStatusBarStyle[sdk=iphoneos*]" = UIStatusBarStyleDefault;
				"INFOPLIST_KEY_UIStatusBarStyle[sdk=iphonesimulator*]" = UIStatusBarStyleDefault;
				INFOPLIST_KEY_UISupportedInterfaceOrientations_iPad = "UIInterfaceOrientationPortrait UIInterfaceOrientationPortraitUpsideDown UIInterfaceOrientationLandscapeLeft UIInterfaceOrientationLandscapeRight";
				INFOPLIST_KEY_UISupportedInterfaceOrientations_iPhone = "UIInterfaceOrientationPortrait UIInterfaceOrientationLandscapeLeft UIInterfaceOrientationLandscapeRight";
				IPHONEOS_DEPLOYMENT_TARGET = 15.0;
				LD_RUNPATH_SEARCH_PATHS = "@executable_path/Frameworks";
				"LD_RUNPATH_SEARCH_PATHS[sdk=macosx*]" = "@executable_path/../Frameworks";
				MACOSX_DEPLOYMENT_TARGET = 13.1;
				MARKETING_VERSION = 1.0;
				PRODUCT_BUNDLE_IDENTIFIER = com.revealdottedline.CineApp;
				PRODUCT_NAME = "$(TARGET_NAME)";
				SDKROOT = auto;
				SUPPORTED_PLATFORMS = "iphoneos iphonesimulator macosx";
				SWIFT_EMIT_LOC_STRINGS = YES;
				SWIFT_VERSION = 5.0;
				TARGETED_DEVICE_FAMILY = "1,2";
			};
			name = Debug;
		};
		07C1654A2997C50E002B399B /* Release */ = {
			isa = XCBuildConfiguration;
			buildSettings = {
				ASSETCATALOG_COMPILER_APPICON_NAME = AppIcon;
				ASSETCATALOG_COMPILER_GLOBAL_ACCENT_COLOR_NAME = AccentColor;
				CODE_SIGN_ENTITLEMENTS = CineApp/Support/CineApp.entitlements;
				CODE_SIGN_STYLE = Automatic;
				CURRENT_PROJECT_VERSION = 1;
				DEVELOPMENT_ASSET_PATHS = "\"CineApp/Support/Preview Content\"";
				ENABLE_PREVIEWS = YES;
				GENERATE_INFOPLIST_FILE = YES;
				"INFOPLIST_KEY_UIApplicationSceneManifest_Generation[sdk=iphoneos*]" = YES;
				"INFOPLIST_KEY_UIApplicationSceneManifest_Generation[sdk=iphonesimulator*]" = YES;
				"INFOPLIST_KEY_UIApplicationSupportsIndirectInputEvents[sdk=iphoneos*]" = YES;
				"INFOPLIST_KEY_UIApplicationSupportsIndirectInputEvents[sdk=iphonesimulator*]" = YES;
				"INFOPLIST_KEY_UILaunchScreen_Generation[sdk=iphoneos*]" = YES;
				"INFOPLIST_KEY_UILaunchScreen_Generation[sdk=iphonesimulator*]" = YES;
				"INFOPLIST_KEY_UIStatusBarStyle[sdk=iphoneos*]" = UIStatusBarStyleDefault;
				"INFOPLIST_KEY_UIStatusBarStyle[sdk=iphonesimulator*]" = UIStatusBarStyleDefault;
				INFOPLIST_KEY_UISupportedInterfaceOrientations_iPad = "UIInterfaceOrientationPortrait UIInterfaceOrientationPortraitUpsideDown UIInterfaceOrientationLandscapeLeft UIInterfaceOrientationLandscapeRight";
				INFOPLIST_KEY_UISupportedInterfaceOrientations_iPhone = "UIInterfaceOrientationPortrait UIInterfaceOrientationLandscapeLeft UIInterfaceOrientationLandscapeRight";
				IPHONEOS_DEPLOYMENT_TARGET = 15.0;
				LD_RUNPATH_SEARCH_PATHS = "@executable_path/Frameworks";
				"LD_RUNPATH_SEARCH_PATHS[sdk=macosx*]" = "@executable_path/../Frameworks";
				MACOSX_DEPLOYMENT_TARGET = 13.1;
				MARKETING_VERSION = 1.0;
				PRODUCT_BUNDLE_IDENTIFIER = com.revealdottedline.CineApp;
				PRODUCT_NAME = "$(TARGET_NAME)";
				SDKROOT = auto;
				SUPPORTED_PLATFORMS = "iphoneos iphonesimulator macosx";
				SWIFT_EMIT_LOC_STRINGS = YES;
				SWIFT_VERSION = 5.0;
				TARGETED_DEVICE_FAMILY = "1,2";
			};
			name = Release;
		};
		07C1654C2997C50E002B399B /* Debug */ = {
			isa = XCBuildConfiguration;
			buildSettings = {
				ALWAYS_EMBED_SWIFT_STANDARD_LIBRARIES = YES;
				BUNDLE_LOADER = "$(TEST_HOST)";
				CODE_SIGN_STYLE = Automatic;
				CURRENT_PROJECT_VERSION = 1;
				GENERATE_INFOPLIST_FILE = YES;
				IPHONEOS_DEPLOYMENT_TARGET = 16.2;
				MACOSX_DEPLOYMENT_TARGET = 13.1;
				MARKETING_VERSION = 1.0;
				PRODUCT_BUNDLE_IDENTIFIER = com.revealdottedline.CineAppTests;
				PRODUCT_NAME = "$(TARGET_NAME)";
				SDKROOT = auto;
				SUPPORTED_PLATFORMS = "iphoneos iphonesimulator macosx";
				SWIFT_EMIT_LOC_STRINGS = NO;
				SWIFT_VERSION = 5.0;
				TARGETED_DEVICE_FAMILY = "1,2";
				TEST_HOST = "$(BUILT_PRODUCTS_DIR)/CineApp.app/$(BUNDLE_EXECUTABLE_FOLDER_PATH)/CineApp";
			};
			name = Debug;
		};
		07C1654D2997C50E002B399B /* Release */ = {
			isa = XCBuildConfiguration;
			buildSettings = {
				ALWAYS_EMBED_SWIFT_STANDARD_LIBRARIES = YES;
				BUNDLE_LOADER = "$(TEST_HOST)";
				CODE_SIGN_STYLE = Automatic;
				CURRENT_PROJECT_VERSION = 1;
				GENERATE_INFOPLIST_FILE = YES;
				IPHONEOS_DEPLOYMENT_TARGET = 16.2;
				MACOSX_DEPLOYMENT_TARGET = 13.1;
				MARKETING_VERSION = 1.0;
				PRODUCT_BUNDLE_IDENTIFIER = com.revealdottedline.CineAppTests;
				PRODUCT_NAME = "$(TARGET_NAME)";
				SDKROOT = auto;
				SUPPORTED_PLATFORMS = "iphoneos iphonesimulator macosx";
				SWIFT_EMIT_LOC_STRINGS = NO;
				SWIFT_VERSION = 5.0;
				TARGETED_DEVICE_FAMILY = "1,2";
				TEST_HOST = "$(BUILT_PRODUCTS_DIR)/CineApp.app/$(BUNDLE_EXECUTABLE_FOLDER_PATH)/CineApp";
			};
			name = Release;
		};
		07C1654F2997C50E002B399B /* Debug */ = {
			isa = XCBuildConfiguration;
			buildSettings = {
				ALWAYS_EMBED_SWIFT_STANDARD_LIBRARIES = YES;
				CODE_SIGN_STYLE = Automatic;
				CURRENT_PROJECT_VERSION = 1;
				GENERATE_INFOPLIST_FILE = YES;
				IPHONEOS_DEPLOYMENT_TARGET = 16.2;
				MACOSX_DEPLOYMENT_TARGET = 13.1;
				MARKETING_VERSION = 1.0;
				PRODUCT_BUNDLE_IDENTIFIER = com.revealdottedline.CineAppUITests;
				PRODUCT_NAME = "$(TARGET_NAME)";
				SDKROOT = auto;
				SUPPORTED_PLATFORMS = "iphoneos iphonesimulator macosx";
				SWIFT_EMIT_LOC_STRINGS = NO;
				SWIFT_VERSION = 5.0;
				TARGETED_DEVICE_FAMILY = "1,2";
				TEST_TARGET_NAME = CineApp;
			};
			name = Debug;
		};
		07C165502997C50E002B399B /* Release */ = {
			isa = XCBuildConfiguration;
			buildSettings = {
				ALWAYS_EMBED_SWIFT_STANDARD_LIBRARIES = YES;
				CODE_SIGN_STYLE = Automatic;
				CURRENT_PROJECT_VERSION = 1;
				GENERATE_INFOPLIST_FILE = YES;
				IPHONEOS_DEPLOYMENT_TARGET = 16.2;
				MACOSX_DEPLOYMENT_TARGET = 13.1;
				MARKETING_VERSION = 1.0;
				PRODUCT_BUNDLE_IDENTIFIER = com.revealdottedline.CineAppUITests;
				PRODUCT_NAME = "$(TARGET_NAME)";
				SDKROOT = auto;
				SUPPORTED_PLATFORMS = "iphoneos iphonesimulator macosx";
				SWIFT_EMIT_LOC_STRINGS = NO;
				SWIFT_VERSION = 5.0;
				TARGETED_DEVICE_FAMILY = "1,2";
				TEST_TARGET_NAME = CineApp;
			};
			name = Release;
		};
/* End XCBuildConfiguration section */

/* Begin XCConfigurationList section */
		07C1651E2997C50C002B399B /* Build configuration list for PBXProject "CineApp" */ = {
			isa = XCConfigurationList;
			buildConfigurations = (
				07C165462997C50E002B399B /* Debug */,
				07C165472997C50E002B399B /* Release */,
			);
			defaultConfigurationIsVisible = 0;
			defaultConfigurationName = Release;
		};
		07C165482997C50E002B399B /* Build configuration list for PBXNativeTarget "CineApp" */ = {
			isa = XCConfigurationList;
			buildConfigurations = (
				07C165492997C50E002B399B /* Debug */,
				07C1654A2997C50E002B399B /* Release */,
			);
			defaultConfigurationIsVisible = 0;
			defaultConfigurationName = Release;
		};
		07C1654B2997C50E002B399B /* Build configuration list for PBXNativeTarget "CineAppTests" */ = {
			isa = XCConfigurationList;
			buildConfigurations = (
				07C1654C2997C50E002B399B /* Debug */,
				07C1654D2997C50E002B399B /* Release */,
			);
			defaultConfigurationIsVisible = 0;
			defaultConfigurationName = Release;
		};
		07C1654E2997C50E002B399B /* Build configuration list for PBXNativeTarget "CineAppUITests" */ = {
			isa = XCConfigurationList;
			buildConfigurations = (
				07C1654F2997C50E002B399B /* Debug */,
				07C165502997C50E002B399B /* Release */,
			);
			defaultConfigurationIsVisible = 0;
			defaultConfigurationName = Release;
		};
/* End XCConfigurationList section */
	};
	rootObject = 07C1651B2997C50C002B399B /* Project object */;
}
