// !$*UTF8*$!
{
	archiveVersion = 1;
	classes = {
	};
	objectVersion = 56;
	objects = {

/* Begin PBXBuildFile section */
		0763A24129990E7600B4AF42 /* UIScreen.swift in Sources */ = {isa = PBXBuildFile; fileRef = 0763A24029990E7600B4AF42 /* UIScreen.swift */; };
		0763A24429990EC100B4AF42 /* TargetDevice.swift in Sources */ = {isa = PBXBuildFile; fileRef = 0763A24329990EC100B4AF42 /* TargetDevice.swift */; };
		0763A2462999113700B4AF42 /* ShowsByGenre.swift in Sources */ = {isa = PBXBuildFile; fileRef = 0763A2452999113700B4AF42 /* ShowsByGenre.swift */; };
		0763A248299911F500B4AF42 /* last7d.cine.json in Resources */ = {isa = PBXBuildFile; fileRef = 0763A247299911F500B4AF42 /* last7d.cine.json */; };
		0763A24A299915D000B4AF42 /* MovieListViewModel.swift in Sources */ = {isa = PBXBuildFile; fileRef = 0763A249299915D000B4AF42 /* MovieListViewModel.swift */; };
		0763A24C2999509000B4AF42 /* TagView.swift in Sources */ = {isa = PBXBuildFile; fileRef = 0763A24B2999509000B4AF42 /* TagView.swift */; };
		0763A2512999524300B4AF42 /* MultiImageItemView.swift in Sources */ = {isa = PBXBuildFile; fileRef = 0763A2502999524300B4AF42 /* MultiImageItemView.swift */; };
		0763A2532999559B00B4AF42 /* TestViewModels.swift in Sources */ = {isa = PBXBuildFile; fileRef = 0763A2522999559B00B4AF42 /* TestViewModels.swift */; };
		0763A25529995AD300B4AF42 /* TestModels.swift in Sources */ = {isa = PBXBuildFile; fileRef = 0763A25429995AD300B4AF42 /* TestModels.swift */; };
		0763A2572999606600B4AF42 /* TestTools.swift in Sources */ = {isa = PBXBuildFile; fileRef = 0763A2562999606600B4AF42 /* TestTools.swift */; };
		0763A2592999717B00B4AF42 /* TestCommon.swift in Sources */ = {isa = PBXBuildFile; fileRef = 0763A2582999717B00B4AF42 /* TestCommon.swift */; };
		0763A25C29997EE100B4AF42 /* TagType.swift in Sources */ = {isa = PBXBuildFile; fileRef = 0763A25B29997EE100B4AF42 /* TagType.swift */; };
		0763A25E29997F1300B4AF42 /* MoviesView.swift in Sources */ = {isa = PBXBuildFile; fileRef = 0763A25D29997F1300B4AF42 /* MoviesView.swift */; };
		0763A262299981B400B4AF42 /* GroupedMoviesView.swift in Sources */ = {isa = PBXBuildFile; fileRef = 0763A261299981B400B4AF42 /* GroupedMoviesView.swift */; };
		0763A264299981BE00B4AF42 /* GroupedMoviesViewModel.swift in Sources */ = {isa = PBXBuildFile; fileRef = 0763A263299981BE00B4AF42 /* GroupedMoviesViewModel.swift */; };
		0763A26B299A649300B4AF42 /* TagItem.swift in Sources */ = {isa = PBXBuildFile; fileRef = 0763A26A299A649300B4AF42 /* TagItem.swift */; };
		0763A26D299A88C100B4AF42 /* GridColumns.swift in Sources */ = {isa = PBXBuildFile; fileRef = 0763A26C299A88C100B4AF42 /* GridColumns.swift */; };
		07794F37299B025000B4E87A /* MovieDetailView.swift in Sources */ = {isa = PBXBuildFile; fileRef = 07794F36299B025000B4E87A /* MovieDetailView.swift */; };
		07794F39299B02C600B4E87A /* CloseButtonView.swift in Sources */ = {isa = PBXBuildFile; fileRef = 07794F38299B02C600B4E87A /* CloseButtonView.swift */; };
		07794F3B299B2C6400B4E87A /* AttributedText.swift in Sources */ = {isa = PBXBuildFile; fileRef = 07794F3A299B2C6400B4E87A /* AttributedText.swift */; };
		07794F3F299B924300B4E87A /* MovieDetailViewModel.swift in Sources */ = {isa = PBXBuildFile; fileRef = 07794F3E299B924300B4E87A /* MovieDetailViewModel.swift */; };
		07794F41299B9E2900B4E87A /* FormDetailView.swift in Sources */ = {isa = PBXBuildFile; fileRef = 07794F40299B9E2900B4E87A /* FormDetailView.swift */; };
		07794F43299BCF4100B4E87A /* ThemeManager.swift in Sources */ = {isa = PBXBuildFile; fileRef = 07794F42299BCF4100B4E87A /* ThemeManager.swift */; };
		07794F48299BD42900B4E87A /* Localizable.strings in Resources */ = {isa = PBXBuildFile; fileRef = 07794F4A299BD42900B4E87A /* Localizable.strings */; };
		07794F4D299BD44700B4E87A /* Localized+String.swift in Sources */ = {isa = PBXBuildFile; fileRef = 07794F4C299BD44700B4E87A /* Localized+String.swift */; };
		07794F4F299CEF0B00B4E87A /* MoviesViewModel.swift in Sources */ = {isa = PBXBuildFile; fileRef = 07794F4E299CEF0B00B4E87A /* MoviesViewModel.swift */; };
		07794F51299CF11A00B4E87A /* SearchColorStyle.swift in Sources */ = {isa = PBXBuildFile; fileRef = 07794F50299CF11A00B4E87A /* SearchColorStyle.swift */; };
		07794F53299CF26400B4E87A /* View.swift in Sources */ = {isa = PBXBuildFile; fileRef = 07794F52299CF26400B4E87A /* View.swift */; };
		07794F55299CFC5700B4E87A /* TVCustomScrollView.swift in Sources */ = {isa = PBXBuildFile; fileRef = 07794F54299CFC5700B4E87A /* TVCustomScrollView.swift */; };
		07C165272997C50C002B399B /* CineApp.swift in Sources */ = {isa = PBXBuildFile; fileRef = 07C165262997C50C002B399B /* CineApp.swift */; };
		07C165292997C50D002B399B /* MovieListView.swift in Sources */ = {isa = PBXBuildFile; fileRef = 07C165282997C50D002B399B /* MovieListView.swift */; };
		07C1652B2997C50E002B399B /* Assets.xcassets in Resources */ = {isa = PBXBuildFile; fileRef = 07C1652A2997C50E002B399B /* Assets.xcassets */; };
		07C1652F2997C50E002B399B /* Preview Assets.xcassets in Resources */ = {isa = PBXBuildFile; fileRef = 07C1652E2997C50E002B399B /* Preview Assets.xcassets */; };
		07C165432997C50E002B399B /* CineAppUITests.swift in Sources */ = {isa = PBXBuildFile; fileRef = 07C165422997C50E002B399B /* CineAppUITests.swift */; };
		07C1655E2997CAF8002B399B /* DataManager.swift in Sources */ = {isa = PBXBuildFile; fileRef = 07C1655D2997CAF8002B399B /* DataManager.swift */; };
		07C165602997CB0B002B399B /* Movie.swift in Sources */ = {isa = PBXBuildFile; fileRef = 07C1655F2997CB0B002B399B /* Movie.swift */; };
		07C165662997CD4C002B399B /* Kingfisher in Frameworks */ = {isa = PBXBuildFile; productRef = 07C165652997CD4C002B399B /* Kingfisher */; };
		07C165682997CDAB002B399B /* AppDelegate.swift in Sources */ = {isa = PBXBuildFile; fileRef = 07C165672997CDAB002B399B /* AppDelegate.swift */; };
/* End PBXBuildFile section */

/* Begin PBXContainerItemProxy section */
		07C165352997C50E002B399B /* PBXContainerItemProxy */ = {
			isa = PBXContainerItemProxy;
			containerPortal = 07C1651B2997C50C002B399B /* Project object */;
			proxyType = 1;
			remoteGlobalIDString = 07C165222997C50C002B399B;
			remoteInfo = CineApp;
		};
		07C1653F2997C50E002B399B /* PBXContainerItemProxy */ = {
			isa = PBXContainerItemProxy;
			containerPortal = 07C1651B2997C50C002B399B /* Project object */;
			proxyType = 1;
			remoteGlobalIDString = 07C165222997C50C002B399B;
			remoteInfo = CineApp;
		};
/* End PBXContainerItemProxy section */

/* Begin PBXFileReference section */
		0763A24029990E7600B4AF42 /* UIScreen.swift */ = {isa = PBXFileReference; fileEncoding = 4; lastKnownFileType = sourcecode.swift; path = UIScreen.swift; sourceTree = "<group>"; };
		0763A24329990EC100B4AF42 /* TargetDevice.swift */ = {isa = PBXFileReference; fileEncoding = 4; lastKnownFileType = sourcecode.swift; path = TargetDevice.swift; sourceTree = "<group>"; };
		0763A2452999113700B4AF42 /* ShowsByGenre.swift */ = {isa = PBXFileReference; fileEncoding = 4; lastKnownFileType = sourcecode.swift; path = ShowsByGenre.swift; sourceTree = "<group>"; };
		0763A247299911F500B4AF42 /* last7d.cine.json */ = {isa = PBXFileReference; fileEncoding = 4; lastKnownFileType = text.json; path = last7d.cine.json; sourceTree = "<group>"; };
		0763A249299915D000B4AF42 /* MovieListViewModel.swift */ = {isa = PBXFileReference; fileEncoding = 4; lastKnownFileType = sourcecode.swift; path = MovieListViewModel.swift; sourceTree = "<group>"; };
		0763A24B2999509000B4AF42 /* TagView.swift */ = {isa = PBXFileReference; fileEncoding = 4; lastKnownFileType = sourcecode.swift; path = TagView.swift; sourceTree = "<group>"; };
		0763A2502999524300B4AF42 /* MultiImageItemView.swift */ = {isa = PBXFileReference; fileEncoding = 4; lastKnownFileType = sourcecode.swift; path = MultiImageItemView.swift; sourceTree = "<group>"; };
		0763A2522999559B00B4AF42 /* TestViewModels.swift */ = {isa = PBXFileReference; lastKnownFileType = sourcecode.swift; path = TestViewModels.swift; sourceTree = "<group>"; };
		0763A25429995AD300B4AF42 /* TestModels.swift */ = {isa = PBXFileReference; lastKnownFileType = sourcecode.swift; path = TestModels.swift; sourceTree = "<group>"; };
		0763A2562999606600B4AF42 /* TestTools.swift */ = {isa = PBXFileReference; lastKnownFileType = sourcecode.swift; path = TestTools.swift; sourceTree = "<group>"; };
		0763A2582999717B00B4AF42 /* TestCommon.swift */ = {isa = PBXFileReference; lastKnownFileType = sourcecode.swift; path = TestCommon.swift; sourceTree = "<group>"; };
		0763A25B29997EE100B4AF42 /* TagType.swift */ = {isa = PBXFileReference; lastKnownFileType = sourcecode.swift; path = TagType.swift; sourceTree = "<group>"; };
		0763A25D29997F1300B4AF42 /* MoviesView.swift */ = {isa = PBXFileReference; lastKnownFileType = sourcecode.swift; path = MoviesView.swift; sourceTree = "<group>"; };
		0763A261299981B400B4AF42 /* GroupedMoviesView.swift */ = {isa = PBXFileReference; lastKnownFileType = sourcecode.swift; path = GroupedMoviesView.swift; sourceTree = "<group>"; };
		0763A263299981BE00B4AF42 /* GroupedMoviesViewModel.swift */ = {isa = PBXFileReference; lastKnownFileType = sourcecode.swift; path = GroupedMoviesViewModel.swift; sourceTree = "<group>"; };
		0763A26A299A649300B4AF42 /* TagItem.swift */ = {isa = PBXFileReference; lastKnownFileType = sourcecode.swift; path = TagItem.swift; sourceTree = "<group>"; };
		0763A26C299A88C100B4AF42 /* GridColumns.swift */ = {isa = PBXFileReference; lastKnownFileType = sourcecode.swift; path = GridColumns.swift; sourceTree = "<group>"; };
		07794F36299B025000B4E87A /* MovieDetailView.swift */ = {isa = PBXFileReference; lastKnownFileType = sourcecode.swift; path = MovieDetailView.swift; sourceTree = "<group>"; };
		07794F38299B02C600B4E87A /* CloseButtonView.swift */ = {isa = PBXFileReference; lastKnownFileType = sourcecode.swift; path = CloseButtonView.swift; sourceTree = "<group>"; };
		07794F3A299B2C6400B4E87A /* AttributedText.swift */ = {isa = PBXFileReference; fileEncoding = 4; lastKnownFileType = sourcecode.swift; path = AttributedText.swift; sourceTree = "<group>"; };
		07794F3E299B924300B4E87A /* MovieDetailViewModel.swift */ = {isa = PBXFileReference; lastKnownFileType = sourcecode.swift; path = MovieDetailViewModel.swift; sourceTree = "<group>"; };
		07794F40299B9E2900B4E87A /* FormDetailView.swift */ = {isa = PBXFileReference; lastKnownFileType = sourcecode.swift; path = FormDetailView.swift; sourceTree = "<group>"; };
		07794F42299BCF4100B4E87A /* ThemeManager.swift */ = {isa = PBXFileReference; fileEncoding = 4; lastKnownFileType = sourcecode.swift; path = ThemeManager.swift; sourceTree = "<group>"; };
		07794F49299BD42900B4E87A /* es */ = {isa = PBXFileReference; lastKnownFileType = text.plist.strings; name = es; path = es.lproj/Localizable.strings; sourceTree = "<group>"; };
		07794F4B299BD42A00B4E87A /* en */ = {isa = PBXFileReference; lastKnownFileType = text.plist.strings; name = en; path = en.lproj/Localizable.strings; sourceTree = "<group>"; };
		07794F4C299BD44700B4E87A /* Localized+String.swift */ = {isa = PBXFileReference; fileEncoding = 4; lastKnownFileType = sourcecode.swift; path = "Localized+String.swift"; sourceTree = "<group>"; };
		07794F4E299CEF0B00B4E87A /* MoviesViewModel.swift */ = {isa = PBXFileReference; lastKnownFileType = sourcecode.swift; path = MoviesViewModel.swift; sourceTree = "<group>"; };
		07794F50299CF11A00B4E87A /* SearchColorStyle.swift */ = {isa = PBXFileReference; lastKnownFileType = sourcecode.swift; path = SearchColorStyle.swift; sourceTree = "<group>"; };
		07794F52299CF26400B4E87A /* View.swift */ = {isa = PBXFileReference; lastKnownFileType = sourcecode.swift; path = View.swift; sourceTree = "<group>"; };
		07794F54299CFC5700B4E87A /* TVCustomScrollView.swift */ = {isa = PBXFileReference; lastKnownFileType = sourcecode.swift; path = TVCustomScrollView.swift; sourceTree = "<group>"; };
		07C165232997C50C002B399B /* CineApp.app */ = {isa = PBXFileReference; explicitFileType = wrapper.application; includeInIndex = 0; path = CineApp.app; sourceTree = BUILT_PRODUCTS_DIR; };
		07C165262997C50C002B399B /* CineApp.swift */ = {isa = PBXFileReference; lastKnownFileType = sourcecode.swift; path = CineApp.swift; sourceTree = "<group>"; };
		07C165282997C50D002B399B /* MovieListView.swift */ = {isa = PBXFileReference; lastKnownFileType = sourcecode.swift; path = MovieListView.swift; sourceTree = "<group>"; };
		07C1652A2997C50E002B399B /* Assets.xcassets */ = {isa = PBXFileReference; lastKnownFileType = folder.assetcatalog; path = Assets.xcassets; sourceTree = "<group>"; };
		07C1652C2997C50E002B399B /* CineApp.entitlements */ = {isa = PBXFileReference; lastKnownFileType = text.plist.entitlements; path = CineApp.entitlements; sourceTree = "<group>"; };
		07C1652E2997C50E002B399B /* Preview Assets.xcassets */ = {isa = PBXFileReference; lastKnownFileType = folder.assetcatalog; path = "Preview Assets.xcassets"; sourceTree = "<group>"; };
		07C165342997C50E002B399B /* CineAppTests.xctest */ = {isa = PBXFileReference; explicitFileType = wrapper.cfbundle; includeInIndex = 0; path = CineAppTests.xctest; sourceTree = BUILT_PRODUCTS_DIR; };
		07C1653E2997C50E002B399B /* CineAppUITests.xctest */ = {isa = PBXFileReference; explicitFileType = wrapper.cfbundle; includeInIndex = 0; path = CineAppUITests.xctest; sourceTree = BUILT_PRODUCTS_DIR; };
		07C165422997C50E002B399B /* CineAppUITests.swift */ = {isa = PBXFileReference; lastKnownFileType = sourcecode.swift; path = CineAppUITests.swift; sourceTree = "<group>"; };
		07C1655D2997CAF8002B399B /* DataManager.swift */ = {isa = PBXFileReference; lastKnownFileType = sourcecode.swift; path = DataManager.swift; sourceTree = "<group>"; };
		07C1655F2997CB0B002B399B /* Movie.swift */ = {isa = PBXFileReference; lastKnownFileType = sourcecode.swift; path = Movie.swift; sourceTree = "<group>"; };
		07C165672997CDAB002B399B /* AppDelegate.swift */ = {isa = PBXFileReference; fileEncoding = 4; lastKnownFileType = sourcecode.swift; path = AppDelegate.swift; sourceTree = "<group>"; };
		07C16575299818C2002B399B /* Info.plist */ = {isa = PBXFileReference; lastKnownFileType = text.plist.xml; path = Info.plist; sourceTree = "<group>"; };
/* End PBXFileReference section */

/* Begin PBXFrameworksBuildPhase section */
		07C165202997C50C002B399B /* Frameworks */ = {
			isa = PBXFrameworksBuildPhase;
			buildActionMask = 2147483647;
			files = (
				07C165662997CD4C002B399B /* Kingfisher in Frameworks */,
			);
			runOnlyForDeploymentPostprocessing = 0;
		};
		07C165312997C50E002B399B /* Frameworks */ = {
			isa = PBXFrameworksBuildPhase;
			buildActionMask = 2147483647;
			files = (
			);
			runOnlyForDeploymentPostprocessing = 0;
		};
		07C1653B2997C50E002B399B /* Frameworks */ = {
			isa = PBXFrameworksBuildPhase;
			buildActionMask = 2147483647;
			files = (
			);
			runOnlyForDeploymentPostprocessing = 0;
		};
/* End PBXFrameworksBuildPhase section */

/* Begin PBXGroup section */
		0763A23E29990E4200B4AF42 /* Extension */ = {
			isa = PBXGroup;
			children = (
				07794F4C299BD44700B4E87A /* Localized+String.swift */,
				0763A24029990E7600B4AF42 /* UIScreen.swift */,
				07794F52299CF26400B4E87A /* View.swift */,
			);
			path = Extension;
			sourceTree = "<group>";
		};
		0763A24229990EB400B4AF42 /* Tools */ = {
			isa = PBXGroup;
			children = (
				07794F3A299B2C6400B4E87A /* AttributedText.swift */,
				0763A26C299A88C100B4AF42 /* GridColumns.swift */,
				0763A24329990EC100B4AF42 /* TargetDevice.swift */,
				07794F54299CFC5700B4E87A /* TVCustomScrollView.swift */,
			);
			path = Tools;
			sourceTree = "<group>";
		};
		0763A24F2999523700B4AF42 /* Common */ = {
			isa = PBXGroup;
			children = (
				07794F50299CF11A00B4E87A /* SearchColorStyle.swift */,
				0763A24B2999509000B4AF42 /* TagView.swift */,
				0763A2502999524300B4AF42 /* MultiImageItemView.swift */,
				07794F38299B02C600B4E87A /* CloseButtonView.swift */,
				07794F40299B9E2900B4E87A /* FormDetailView.swift */,
			);
			path = Common;
			sourceTree = "<group>";
		};
		0763A25A29997EA700B4AF42 /* Tags */ = {
			isa = PBXGroup;
			children = (
				0763A25B29997EE100B4AF42 /* TagType.swift */,
			);
			path = Tags;
			sourceTree = "<group>";
		};
		0763A26E299A8DA000B4AF42 /* TagsViews */ = {
			isa = PBXGroup;
			children = (
				0763A25D29997F1300B4AF42 /* MoviesView.swift */,
				07794F4E299CEF0B00B4E87A /* MoviesViewModel.swift */,
				0763A261299981B400B4AF42 /* GroupedMoviesView.swift */,
				0763A263299981BE00B4AF42 /* GroupedMoviesViewModel.swift */,
			);
			path = TagsViews;
			sourceTree = "<group>";
		};
		07C1651A2997C50C002B399B = {
			isa = PBXGroup;
			children = (
				07C165252997C50C002B399B /* CineApp */,
				07C165372997C50E002B399B /* CineAppTests */,
				07C165412997C50E002B399B /* CineAppUITests */,
				07C165242997C50C002B399B /* Products */,
			);
			sourceTree = "<group>";
		};
		07C165242997C50C002B399B /* Products */ = {
			isa = PBXGroup;
			children = (
				07C165232997C50C002B399B /* CineApp.app */,
				07C165342997C50E002B399B /* CineAppTests.xctest */,
				07C1653E2997C50E002B399B /* CineAppUITests.xctest */,
			);
			name = Products;
			sourceTree = "<group>";
		};
		07C165252997C50C002B399B /* CineApp */ = {
			isa = PBXGroup;
			children = (
				07C165542997C805002B399B /* Scenes */,
				0763A24F2999523700B4AF42 /* Common */,
				07C1655B2997CADC002B399B /* Models */,
				0763A23E29990E4200B4AF42 /* Extension */,
				0763A24229990EB400B4AF42 /* Tools */,
				07C1655C2997CAE6002B399B /* Network */,
				07C165512997C797002B399B /* Support */,
			);
			path = CineApp;
			sourceTree = "<group>";
		};
		07C1652D2997C50E002B399B /* Preview Content */ = {
			isa = PBXGroup;
			children = (
				07C1652E2997C50E002B399B /* Preview Assets.xcassets */,
			);
			path = "Preview Content";
			sourceTree = "<group>";
		};
		07C165372997C50E002B399B /* CineAppTests */ = {
			isa = PBXGroup;
			children = (
				0763A2522999559B00B4AF42 /* TestViewModels.swift */,
				0763A25429995AD300B4AF42 /* TestModels.swift */,
				0763A2562999606600B4AF42 /* TestTools.swift */,
				0763A2582999717B00B4AF42 /* TestCommon.swift */,
			);
			path = CineAppTests;
			sourceTree = "<group>";
		};
		07C165412997C50E002B399B /* CineAppUITests */ = {
			isa = PBXGroup;
			children = (
				07C165422997C50E002B399B /* CineAppUITests.swift */,
			);
			path = CineAppUITests;
			sourceTree = "<group>";
		};
		07C165512997C797002B399B /* Support */ = {
			isa = PBXGroup;
			children = (
				07794F42299BCF4100B4E87A /* ThemeManager.swift */,
				07C165672997CDAB002B399B /* AppDelegate.swift */,
				07C165262997C50C002B399B /* CineApp.swift */,
				07C1652A2997C50E002B399B /* Assets.xcassets */,
				07C1652C2997C50E002B399B /* CineApp.entitlements */,
				07C16575299818C2002B399B /* Info.plist */,
				07C1652D2997C50E002B399B /* Preview Content */,
				07794F4A299BD42900B4E87A /* Localizable.strings */,
			);
			path = Support;
			sourceTree = "<group>";
		};
		07C165542997C805002B399B /* Scenes */ = {
			isa = PBXGroup;
			children = (
				0763A26E299A8DA000B4AF42 /* TagsViews */,
				0763A25A29997EA700B4AF42 /* Tags */,
				07C165282997C50D002B399B /* MovieListView.swift */,
				0763A249299915D000B4AF42 /* MovieListViewModel.swift */,
				07794F36299B025000B4E87A /* MovieDetailView.swift */,
				07794F3E299B924300B4E87A /* MovieDetailViewModel.swift */,
			);
			path = Scenes;
			sourceTree = "<group>";
		};
		07C1655B2997CADC002B399B /* Models */ = {
			isa = PBXGroup;
			children = (
				07C1655F2997CB0B002B399B /* Movie.swift */,
				0763A2452999113700B4AF42 /* ShowsByGenre.swift */,
				0763A26A299A649300B4AF42 /* TagItem.swift */,
			);
			path = Models;
			sourceTree = "<group>";
		};
		07C1655C2997CAE6002B399B /* Network */ = {
			isa = PBXGroup;
			children = (
				07C1655D2997CAF8002B399B /* DataManager.swift */,
				0763A247299911F500B4AF42 /* last7d.cine.json */,
			);
			path = Network;
			sourceTree = "<group>";
		};
/* End PBXGroup section */

/* Begin PBXNativeTarget section */
		07C165222997C50C002B399B /* CineApp */ = {
			isa = PBXNativeTarget;
			buildConfigurationList = 07C165482997C50E002B399B /* Build configuration list for PBXNativeTarget "CineApp" */;
			buildPhases = (
				07C1651F2997C50C002B399B /* Sources */,
				07C165202997C50C002B399B /* Frameworks */,
				07C165212997C50C002B399B /* Resources */,
			);
			buildRules = (
			);
			dependencies = (
			);
			name = CineApp;
			packageProductDependencies = (
				07C165652997CD4C002B399B /* Kingfisher */,
			);
			productName = CineApp;
			productReference = 07C165232997C50C002B399B /* CineApp.app */;
			productType = "com.apple.product-type.application";
		};
		07C165332997C50E002B399B /* CineAppTests */ = {
			isa = PBXNativeTarget;
			buildConfigurationList = 07C1654B2997C50E002B399B /* Build configuration list for PBXNativeTarget "CineAppTests" */;
			buildPhases = (
				07C165302997C50E002B399B /* Sources */,
				07C165312997C50E002B399B /* Frameworks */,
				07C165322997C50E002B399B /* Resources */,
			);
			buildRules = (
			);
			dependencies = (
				07C165362997C50E002B399B /* PBXTargetDependency */,
			);
			name = CineAppTests;
			productName = CineAppTests;
			productReference = 07C165342997C50E002B399B /* CineAppTests.xctest */;
			productType = "com.apple.product-type.bundle.unit-test";
		};
		07C1653D2997C50E002B399B /* CineAppUITests */ = {
			isa = PBXNativeTarget;
			buildConfigurationList = 07C1654E2997C50E002B399B /* Build configuration list for PBXNativeTarget "CineAppUITests" */;
			buildPhases = (
				07C1653A2997C50E002B399B /* Sources */,
				07C1653B2997C50E002B399B /* Frameworks */,
				07C1653C2997C50E002B399B /* Resources */,
			);
			buildRules = (
			);
			dependencies = (
				07C165402997C50E002B399B /* PBXTargetDependency */,
			);
			name = CineAppUITests;
			productName = CineAppUITests;
			productReference = 07C1653E2997C50E002B399B /* CineAppUITests.xctest */;
			productType = "com.apple.product-type.bundle.ui-testing";
		};
/* End PBXNativeTarget section */

/* Begin PBXProject section */
		07C1651B2997C50C002B399B /* Project object */ = {
			isa = PBXProject;
			attributes = {
				BuildIndependentTargetsInParallel = 1;
				LastSwiftUpdateCheck = 1420;
				LastUpgradeCheck = 1420;
				TargetAttributes = {
					07C165222997C50C002B399B = {
						CreatedOnToolsVersion = 14.2;
					};
					07C165332997C50E002B399B = {
						CreatedOnToolsVersion = 14.2;
						TestTargetID = 07C165222997C50C002B399B;
					};
					07C1653D2997C50E002B399B = {
						CreatedOnToolsVersion = 14.2;
						TestTargetID = 07C165222997C50C002B399B;
					};
				};
			};
			buildConfigurationList = 07C1651E2997C50C002B399B /* Build configuration list for PBXProject "CineApp" */;
			compatibilityVersion = "Xcode 14.0";
			developmentRegion = en;
			hasScannedForEncodings = 0;
			knownRegions = (
				en,
				Base,
				es,
			);
			mainGroup = 07C1651A2997C50C002B399B;
			packageReferences = (
				07C165642997CD4C002B399B /* XCRemoteSwiftPackageReference "Kingfisher" */,
			);
			productRefGroup = 07C165242997C50C002B399B /* Products */;
			projectDirPath = "";
			projectRoot = "";
			targets = (
				07C165222997C50C002B399B /* CineApp */,
				07C165332997C50E002B399B /* CineAppTests */,
				07C1653D2997C50E002B399B /* CineAppUITests */,
			);
		};
/* End PBXProject section */

/* Begin PBXResourcesBuildPhase section */
		07C165212997C50C002B399B /* Resources */ = {
			isa = PBXResourcesBuildPhase;
			buildActionMask = 2147483647;
			files = (
				0763A248299911F500B4AF42 /* last7d.cine.json in Resources */,
				07794F48299BD42900B4E87A /* Localizable.strings in Resources */,
				07C1652F2997C50E002B399B /* Preview Assets.xcassets in Resources */,
				07C1652B2997C50E002B399B /* Assets.xcassets in Resources */,
			);
			runOnlyForDeploymentPostprocessing = 0;
		};
		07C165322997C50E002B399B /* Resources */ = {
			isa = PBXResourcesBuildPhase;
			buildActionMask = 2147483647;
			files = (
			);
			runOnlyForDeploymentPostprocessing = 0;
		};
		07C1653C2997C50E002B399B /* Resources */ = {
			isa = PBXResourcesBuildPhase;
			buildActionMask = 2147483647;
			files = (
			);
			runOnlyForDeploymentPostprocessing = 0;
		};
/* End PBXResourcesBuildPhase section */

/* Begin PBXSourcesBuildPhase section */
		07C1651F2997C50C002B399B /* Sources */ = {
			isa = PBXSourcesBuildPhase;
			buildActionMask = 2147483647;
			files = (
				0763A2512999524300B4AF42 /* MultiImageItemView.swift in Sources */,
				07C165292997C50D002B399B /* MovieListView.swift in Sources */,
				0763A26B299A649300B4AF42 /* TagItem.swift in Sources */,
				0763A24C2999509000B4AF42 /* TagView.swift in Sources */,
				0763A262299981B400B4AF42 /* GroupedMoviesView.swift in Sources */,
				07794F51299CF11A00B4E87A /* SearchColorStyle.swift in Sources */,
				07794F55299CFC5700B4E87A /* TVCustomScrollView.swift in Sources */,
				07794F3F299B924300B4E87A /* MovieDetailViewModel.swift in Sources */,
				0763A24429990EC100B4AF42 /* TargetDevice.swift in Sources */,
				0763A26D299A88C100B4AF42 /* GridColumns.swift in Sources */,
				0763A24129990E7600B4AF42 /* UIScreen.swift in Sources */,
				07794F41299B9E2900B4E87A /* FormDetailView.swift in Sources */,
				07794F4D299BD44700B4E87A /* Localized+String.swift in Sources */,
				07C1655E2997CAF8002B399B /* DataManager.swift in Sources */,
				0763A25C29997EE100B4AF42 /* TagType.swift in Sources */,
				07794F53299CF26400B4E87A /* View.swift in Sources */,
				07794F39299B02C600B4E87A /* CloseButtonView.swift in Sources */,
				07794F43299BCF4100B4E87A /* ThemeManager.swift in Sources */,
				0763A25E29997F1300B4AF42 /* MoviesView.swift in Sources */,
				07C165602997CB0B002B399B /* Movie.swift in Sources */,
				07794F37299B025000B4E87A /* MovieDetailView.swift in Sources */,
				07794F3B299B2C6400B4E87A /* AttributedText.swift in Sources */,
				0763A2462999113700B4AF42 /* ShowsByGenre.swift in Sources */,
				0763A264299981BE00B4AF42 /* GroupedMoviesViewModel.swift in Sources */,
				07C165682997CDAB002B399B /* AppDelegate.swift in Sources */,
				07C165272997C50C002B399B /* CineApp.swift in Sources */,
				0763A24A299915D000B4AF42 /* MovieListViewModel.swift in Sources */,
				07794F4F299CEF0B00B4E87A /* MoviesViewModel.swift in Sources */,
			);
			runOnlyForDeploymentPostprocessing = 0;
		};
		07C165302997C50E002B399B /* Sources */ = {
			isa = PBXSourcesBuildPhase;
			buildActionMask = 2147483647;
			files = (
				0763A2592999717B00B4AF42 /* TestCommon.swift in Sources */,
				0763A25529995AD300B4AF42 /* TestModels.swift in Sources */,
				0763A2532999559B00B4AF42 /* TestViewModels.swift in Sources */,
				0763A2572999606600B4AF42 /* TestTools.swift in Sources */,
			);
			runOnlyForDeploymentPostprocessing = 0;
		};
		07C1653A2997C50E002B399B /* Sources */ = {
			isa = PBXSourcesBuildPhase;
			buildActionMask = 2147483647;
			files = (
				07C165432997C50E002B399B /* CineAppUITests.swift in Sources */,
			);
			runOnlyForDeploymentPostprocessing = 0;
		};
/* End PBXSourcesBuildPhase section */

/* Begin PBXTargetDependency section */
		07C165362997C50E002B399B /* PBXTargetDependency */ = {
			isa = PBXTargetDependency;
			target = 07C165222997C50C002B399B /* CineApp */;
			targetProxy = 07C165352997C50E002B399B /* PBXContainerItemProxy */;
		};
		07C165402997C50E002B399B /* PBXTargetDependency */ = {
			isa = PBXTargetDependency;
			target = 07C165222997C50C002B399B /* CineApp */;
			targetProxy = 07C1653F2997C50E002B399B /* PBXContainerItemProxy */;
		};
/* End PBXTargetDependency section */

/* Begin PBXVariantGroup section */
		07794F4A299BD42900B4E87A /* Localizable.strings */ = {
			isa = PBXVariantGroup;
			children = (
				07794F49299BD42900B4E87A /* es */,
				07794F4B299BD42A00B4E87A /* en */,
			);
			name = Localizable.strings;
			sourceTree = "<group>";
		};
/* End PBXVariantGroup section */

/* Begin XCBuildConfiguration section */
		07794F32299AD1B400B4E87A /* Testing */ = {
			isa = XCBuildConfiguration;
			buildSettings = {
				ALWAYS_SEARCH_USER_PATHS = NO;
				CLANG_ANALYZER_NONNULL = YES;
				CLANG_ANALYZER_NUMBER_OBJECT_CONVERSION = YES_AGGRESSIVE;
				CLANG_CXX_LANGUAGE_STANDARD = "gnu++20";
				CLANG_ENABLE_MODULES = YES;
				CLANG_ENABLE_OBJC_ARC = YES;
				CLANG_ENABLE_OBJC_WEAK = YES;
				CLANG_WARN_BLOCK_CAPTURE_AUTORELEASING = YES;
				CLANG_WARN_BOOL_CONVERSION = YES;
				CLANG_WARN_COMMA = YES;
				CLANG_WARN_CONSTANT_CONVERSION = YES;
				CLANG_WARN_DEPRECATED_OBJC_IMPLEMENTATIONS = YES;
				CLANG_WARN_DIRECT_OBJC_ISA_USAGE = YES_ERROR;
				CLANG_WARN_DOCUMENTATION_COMMENTS = YES;
				CLANG_WARN_EMPTY_BODY = YES;
				CLANG_WARN_ENUM_CONVERSION = YES;
				CLANG_WARN_INFINITE_RECURSION = YES;
				CLANG_WARN_INT_CONVERSION = YES;
				CLANG_WARN_NON_LITERAL_NULL_CONVERSION = YES;
				CLANG_WARN_OBJC_IMPLICIT_RETAIN_SELF = YES;
				CLANG_WARN_OBJC_LITERAL_CONVERSION = YES;
				CLANG_WARN_OBJC_ROOT_CLASS = YES_ERROR;
				CLANG_WARN_QUOTED_INCLUDE_IN_FRAMEWORK_HEADER = YES;
				CLANG_WARN_RANGE_LOOP_ANALYSIS = YES;
				CLANG_WARN_STRICT_PROTOTYPES = YES;
				CLANG_WARN_SUSPICIOUS_MOVE = YES;
				CLANG_WARN_UNGUARDED_AVAILABILITY = YES_AGGRESSIVE;
				CLANG_WARN_UNREACHABLE_CODE = YES;
				CLANG_WARN__DUPLICATE_METHOD_MATCH = YES;
				COPY_PHASE_STRIP = NO;
				DEBUG_INFORMATION_FORMAT = dwarf;
				ENABLE_STRICT_OBJC_MSGSEND = YES;
				ENABLE_TESTABILITY = YES;
				GCC_C_LANGUAGE_STANDARD = gnu11;
				GCC_DYNAMIC_NO_PIC = NO;
				GCC_NO_COMMON_BLOCKS = YES;
				GCC_OPTIMIZATION_LEVEL = 0;
				GCC_PREPROCESSOR_DEFINITIONS = (
					"DEBUG=1",
					"$(inherited)",
				);
				GCC_WARN_64_TO_32_BIT_CONVERSION = YES;
				GCC_WARN_ABOUT_RETURN_TYPE = YES_ERROR;
				GCC_WARN_UNDECLARED_SELECTOR = YES;
				GCC_WARN_UNINITIALIZED_AUTOS = YES_AGGRESSIVE;
				GCC_WARN_UNUSED_FUNCTION = YES;
				GCC_WARN_UNUSED_VARIABLE = YES;
				MTL_ENABLE_DEBUG_INFO = INCLUDE_SOURCE;
				MTL_FAST_MATH = YES;
				ONLY_ACTIVE_ARCH = YES;
				SWIFT_ACTIVE_COMPILATION_CONDITIONS = TESTING;
				SWIFT_OPTIMIZATION_LEVEL = "-Onone";
			};
			name = Testing;
		};
		07794F33299AD1B400B4E87A /* Testing */ = {
			isa = XCBuildConfiguration;
			buildSettings = {
				ASSETCATALOG_COMPILER_APPICON_NAME = AppIcon;
				ASSETCATALOG_COMPILER_GLOBAL_ACCENT_COLOR_NAME = AccentColor;
				CODE_SIGN_ENTITLEMENTS = CineApp/Support/CineApp.entitlements;
				CODE_SIGN_STYLE = Automatic;
				CURRENT_PROJECT_VERSION = 1;
				DEVELOPMENT_ASSET_PATHS = "\"CineApp/Support/Preview Content\"";
				ENABLE_PREVIEWS = YES;
				GENERATE_INFOPLIST_FILE = YES;
				INFOPLIST_FILE = CineApp/Support/Info.plist;
				"INFOPLIST_KEY_UIApplicationSceneManifest_Generation[sdk=iphoneos*]" = YES;
				"INFOPLIST_KEY_UIApplicationSceneManifest_Generation[sdk=iphonesimulator*]" = YES;
				"INFOPLIST_KEY_UIApplicationSupportsIndirectInputEvents[sdk=iphoneos*]" = YES;
				"INFOPLIST_KEY_UIApplicationSupportsIndirectInputEvents[sdk=iphonesimulator*]" = YES;
				"INFOPLIST_KEY_UILaunchScreen_Generation[sdk=iphoneos*]" = YES;
				"INFOPLIST_KEY_UILaunchScreen_Generation[sdk=iphonesimulator*]" = YES;
				"INFOPLIST_KEY_UIStatusBarStyle[sdk=iphoneos*]" = UIStatusBarStyleDefault;
				"INFOPLIST_KEY_UIStatusBarStyle[sdk=iphonesimulator*]" = UIStatusBarStyleDefault;
				INFOPLIST_KEY_UISupportedInterfaceOrientations_iPad = "UIInterfaceOrientationPortrait UIInterfaceOrientationPortraitUpsideDown UIInterfaceOrientationLandscapeLeft UIInterfaceOrientationLandscapeRight";
				INFOPLIST_KEY_UISupportedInterfaceOrientations_iPhone = "UIInterfaceOrientationPortrait UIInterfaceOrientationLandscapeLeft UIInterfaceOrientationLandscapeRight";
				IPHONEOS_DEPLOYMENT_TARGET = 15.0;
				LD_RUNPATH_SEARCH_PATHS = "@executable_path/Frameworks";
				"LD_RUNPATH_SEARCH_PATHS[sdk=macosx*]" = "@executable_path/../Frameworks";
				MACOSX_DEPLOYMENT_TARGET = 13.1;
				MARKETING_VERSION = 1.0;
				PRODUCT_BUNDLE_IDENTIFIER = com.revealdottedline.CineApp;
				PRODUCT_NAME = "$(TARGET_NAME)";
				SDKROOT = auto;
				SUPPORTED_PLATFORMS = "iphoneos iphonesimulator";
				SUPPORTS_MACCATALYST = NO;
				SUPPORTS_MAC_DESIGNED_FOR_IPHONE_IPAD = NO;
				SWIFT_EMIT_LOC_STRINGS = YES;
				SWIFT_VERSION = 5.0;
				TARGETED_DEVICE_FAMILY = "1,2";
			};
			name = Testing;
		};
		07794F34299AD1B400B4E87A /* Testing */ = {
			isa = XCBuildConfiguration;
			buildSettings = {
				ALWAYS_EMBED_SWIFT_STANDARD_LIBRARIES = YES;
				BUNDLE_LOADER = "$(TEST_HOST)";
				CODE_SIGN_STYLE = Automatic;
				CURRENT_PROJECT_VERSION = 1;
				GENERATE_INFOPLIST_FILE = YES;
				IPHONEOS_DEPLOYMENT_TARGET = 16.2;
				MACOSX_DEPLOYMENT_TARGET = 13.1;
				MARKETING_VERSION = 1.0;
				PRODUCT_BUNDLE_IDENTIFIER = com.revealdottedline.CineAppTests;
				PRODUCT_NAME = "$(TARGET_NAME)";
				SDKROOT = auto;
				SUPPORTED_PLATFORMS = "iphoneos iphonesimulator macosx";
				SWIFT_EMIT_LOC_STRINGS = NO;
				SWIFT_VERSION = 5.0;
				TARGETED_DEVICE_FAMILY = "1,2";
				TEST_HOST = "$(BUILT_PRODUCTS_DIR)/CineApp.app/$(BUNDLE_EXECUTABLE_FOLDER_PATH)/CineApp";
			};
			name = Testing;
		};
		07794F35299AD1B400B4E87A /* Testing */ = {
			isa = XCBuildConfiguration;
			buildSettings = {
				ALWAYS_EMBED_SWIFT_STANDARD_LIBRARIES = YES;
				CODE_SIGN_STYLE = Automatic;
				CURRENT_PROJECT_VERSION = 1;
				GENERATE_INFOPLIST_FILE = YES;
				IPHONEOS_DEPLOYMENT_TARGET = 16.2;
				MACOSX_DEPLOYMENT_TARGET = 13.1;
				MARKETING_VERSION = 1.0;
				PRODUCT_BUNDLE_IDENTIFIER = com.revealdottedline.CineAppUITests;
				PRODUCT_NAME = "$(TARGET_NAME)";
				SDKROOT = auto;
				SUPPORTED_PLATFORMS = "iphoneos iphonesimulator macosx";
				SWIFT_EMIT_LOC_STRINGS = NO;
				SWIFT_VERSION = 5.0;
				TARGETED_DEVICE_FAMILY = "1,2";
				TEST_TARGET_NAME = CineApp;
			};
			name = Testing;
		};
		07C165462997C50E002B399B /* Debug */ = {
			isa = XCBuildConfiguration;
			buildSettings = {
				ALWAYS_SEARCH_USER_PATHS = NO;
				CLANG_ANALYZER_NONNULL = YES;
				CLANG_ANALYZER_NUMBER_OBJECT_CONVERSION = YES_AGGRESSIVE;
				CLANG_CXX_LANGUAGE_STANDARD = "gnu++20";
				CLANG_ENABLE_MODULES = YES;
				CLANG_ENABLE_OBJC_ARC = YES;
				CLANG_ENABLE_OBJC_WEAK = YES;
				CLANG_WARN_BLOCK_CAPTURE_AUTORELEASING = YES;
				CLANG_WARN_BOOL_CONVERSION = YES;
				CLANG_WARN_COMMA = YES;
				CLANG_WARN_CONSTANT_CONVERSION = YES;
				CLANG_WARN_DEPRECATED_OBJC_IMPLEMENTATIONS = YES;
				CLANG_WARN_DIRECT_OBJC_ISA_USAGE = YES_ERROR;
				CLANG_WARN_DOCUMENTATION_COMMENTS = YES;
				CLANG_WARN_EMPTY_BODY = YES;
				CLANG_WARN_ENUM_CONVERSION = YES;
				CLANG_WARN_INFINITE_RECURSION = YES;
				CLANG_WARN_INT_CONVERSION = YES;
				CLANG_WARN_NON_LITERAL_NULL_CONVERSION = YES;
				CLANG_WARN_OBJC_IMPLICIT_RETAIN_SELF = YES;
				CLANG_WARN_OBJC_LITERAL_CONVERSION = YES;
				CLANG_WARN_OBJC_ROOT_CLASS = YES_ERROR;
				CLANG_WARN_QUOTED_INCLUDE_IN_FRAMEWORK_HEADER = YES;
				CLANG_WARN_RANGE_LOOP_ANALYSIS = YES;
				CLANG_WARN_STRICT_PROTOTYPES = YES;
				CLANG_WARN_SUSPICIOUS_MOVE = YES;
				CLANG_WARN_UNGUARDED_AVAILABILITY = YES_AGGRESSIVE;
				CLANG_WARN_UNREACHABLE_CODE = YES;
				CLANG_WARN__DUPLICATE_METHOD_MATCH = YES;
				COPY_PHASE_STRIP = NO;
				DEBUG_INFORMATION_FORMAT = dwarf;
				ENABLE_STRICT_OBJC_MSGSEND = YES;
				ENABLE_TESTABILITY = YES;
				GCC_C_LANGUAGE_STANDARD = gnu11;
				GCC_DYNAMIC_NO_PIC = NO;
				GCC_NO_COMMON_BLOCKS = YES;
				GCC_OPTIMIZATION_LEVEL = 0;
				GCC_PREPROCESSOR_DEFINITIONS = (
					"DEBUG=1",
					"$(inherited)",
				);
				GCC_WARN_64_TO_32_BIT_CONVERSION = YES;
				GCC_WARN_ABOUT_RETURN_TYPE = YES_ERROR;
				GCC_WARN_UNDECLARED_SELECTOR = YES;
				GCC_WARN_UNINITIALIZED_AUTOS = YES_AGGRESSIVE;
				GCC_WARN_UNUSED_FUNCTION = YES;
				GCC_WARN_UNUSED_VARIABLE = YES;
				MTL_ENABLE_DEBUG_INFO = INCLUDE_SOURCE;
				MTL_FAST_MATH = YES;
				ONLY_ACTIVE_ARCH = YES;
				SWIFT_ACTIVE_COMPILATION_CONDITIONS = DEBUG;
				SWIFT_OPTIMIZATION_LEVEL = "-Onone";
			};
			name = Debug;
		};
		07C165472997C50E002B399B /* Release */ = {
			isa = XCBuildConfiguration;
			buildSettings = {
				ALWAYS_SEARCH_USER_PATHS = NO;
				CLANG_ANALYZER_NONNULL = YES;
				CLANG_ANALYZER_NUMBER_OBJECT_CONVERSION = YES_AGGRESSIVE;
				CLANG_CXX_LANGUAGE_STANDARD = "gnu++20";
				CLANG_ENABLE_MODULES = YES;
				CLANG_ENABLE_OBJC_ARC = YES;
				CLANG_ENABLE_OBJC_WEAK = YES;
				CLANG_WARN_BLOCK_CAPTURE_AUTORELEASING = YES;
				CLANG_WARN_BOOL_CONVERSION = YES;
				CLANG_WARN_COMMA = YES;
				CLANG_WARN_CONSTANT_CONVERSION = YES;
				CLANG_WARN_DEPRECATED_OBJC_IMPLEMENTATIONS = YES;
				CLANG_WARN_DIRECT_OBJC_ISA_USAGE = YES_ERROR;
				CLANG_WARN_DOCUMENTATION_COMMENTS = YES;
				CLANG_WARN_EMPTY_BODY = YES;
				CLANG_WARN_ENUM_CONVERSION = YES;
				CLANG_WARN_INFINITE_RECURSION = YES;
				CLANG_WARN_INT_CONVERSION = YES;
				CLANG_WARN_NON_LITERAL_NULL_CONVERSION = YES;
				CLANG_WARN_OBJC_IMPLICIT_RETAIN_SELF = YES;
				CLANG_WARN_OBJC_LITERAL_CONVERSION = YES;
				CLANG_WARN_OBJC_ROOT_CLASS = YES_ERROR;
				CLANG_WARN_QUOTED_INCLUDE_IN_FRAMEWORK_HEADER = YES;
				CLANG_WARN_RANGE_LOOP_ANALYSIS = YES;
				CLANG_WARN_STRICT_PROTOTYPES = YES;
				CLANG_WARN_SUSPICIOUS_MOVE = YES;
				CLANG_WARN_UNGUARDED_AVAILABILITY = YES_AGGRESSIVE;
				CLANG_WARN_UNREACHABLE_CODE = YES;
				CLANG_WARN__DUPLICATE_METHOD_MATCH = YES;
				COPY_PHASE_STRIP = NO;
				DEBUG_INFORMATION_FORMAT = "dwarf-with-dsym";
				ENABLE_NS_ASSERTIONS = NO;
				ENABLE_STRICT_OBJC_MSGSEND = YES;
				GCC_C_LANGUAGE_STANDARD = gnu11;
				GCC_NO_COMMON_BLOCKS = YES;
				GCC_WARN_64_TO_32_BIT_CONVERSION = YES;
				GCC_WARN_ABOUT_RETURN_TYPE = YES_ERROR;
				GCC_WARN_UNDECLARED_SELECTOR = YES;
				GCC_WARN_UNINITIALIZED_AUTOS = YES_AGGRESSIVE;
				GCC_WARN_UNUSED_FUNCTION = YES;
				GCC_WARN_UNUSED_VARIABLE = YES;
				MTL_ENABLE_DEBUG_INFO = NO;
				MTL_FAST_MATH = YES;
				SWIFT_COMPILATION_MODE = wholemodule;
				SWIFT_OPTIMIZATION_LEVEL = "-O";
			};
			name = Release;
		};
		07C165492997C50E002B399B /* Debug */ = {
			isa = XCBuildConfiguration;
			buildSettings = {
				ASSETCATALOG_COMPILER_APPICON_NAME = AppIcon;
				ASSETCATALOG_COMPILER_GLOBAL_ACCENT_COLOR_NAME = AccentColor;
				CODE_SIGN_ENTITLEMENTS = CineApp/Support/CineApp.entitlements;
				CODE_SIGN_STYLE = Automatic;
				CURRENT_PROJECT_VERSION = 1;
				DEVELOPMENT_ASSET_PATHS = "\"CineApp/Support/Preview Content\"";
				ENABLE_PREVIEWS = YES;
				GENERATE_INFOPLIST_FILE = YES;
				INFOPLIST_FILE = CineApp/Support/Info.plist;
				"INFOPLIST_KEY_UIApplicationSceneManifest_Generation[sdk=iphoneos*]" = YES;
				"INFOPLIST_KEY_UIApplicationSceneManifest_Generation[sdk=iphonesimulator*]" = YES;
				"INFOPLIST_KEY_UIApplicationSupportsIndirectInputEvents[sdk=iphoneos*]" = YES;
				"INFOPLIST_KEY_UIApplicationSupportsIndirectInputEvents[sdk=iphonesimulator*]" = YES;
				"INFOPLIST_KEY_UILaunchScreen_Generation[sdk=iphoneos*]" = YES;
				"INFOPLIST_KEY_UILaunchScreen_Generation[sdk=iphonesimulator*]" = YES;
				"INFOPLIST_KEY_UIStatusBarStyle[sdk=iphoneos*]" = UIStatusBarStyleDefault;
				"INFOPLIST_KEY_UIStatusBarStyle[sdk=iphonesimulator*]" = UIStatusBarStyleDefault;
				INFOPLIST_KEY_UISupportedInterfaceOrientations_iPad = "UIInterfaceOrientationPortrait UIInterfaceOrientationPortraitUpsideDown UIInterfaceOrientationLandscapeLeft UIInterfaceOrientationLandscapeRight";
				INFOPLIST_KEY_UISupportedInterfaceOrientations_iPhone = "UIInterfaceOrientationPortrait UIInterfaceOrientationLandscapeLeft UIInterfaceOrientationLandscapeRight";
				IPHONEOS_DEPLOYMENT_TARGET = 15.0;
				LD_RUNPATH_SEARCH_PATHS = "@executable_path/Frameworks";
				"LD_RUNPATH_SEARCH_PATHS[sdk=macosx*]" = "@executable_path/../Frameworks";
				MACOSX_DEPLOYMENT_TARGET = 13.1;
				MARKETING_VERSION = 1.0;
				PRODUCT_BUNDLE_IDENTIFIER = com.revealdottedline.CineApp;
				PRODUCT_NAME = "$(TARGET_NAME)";
				SDKROOT = auto;
				SUPPORTED_PLATFORMS = "iphoneos iphonesimulator";
				SUPPORTS_MACCATALYST = NO;
				SUPPORTS_MAC_DESIGNED_FOR_IPHONE_IPAD = NO;
				SWIFT_EMIT_LOC_STRINGS = YES;
				SWIFT_VERSION = 5.0;
				TARGETED_DEVICE_FAMILY = "1,2";
			};
			name = Debug;
		};
		07C1654A2997C50E002B399B /* Release */ = {
			isa = XCBuildConfiguration;
			buildSettings = {
				ASSETCATALOG_COMPILER_APPICON_NAME = AppIcon;
				ASSETCATALOG_COMPILER_GLOBAL_ACCENT_COLOR_NAME = AccentColor;
				CODE_SIGN_ENTITLEMENTS = CineApp/Support/CineApp.entitlements;
				CODE_SIGN_STYLE = Automatic;
				CURRENT_PROJECT_VERSION = 1;
				DEVELOPMENT_ASSET_PATHS = "\"CineApp/Support/Preview Content\"";
				ENABLE_PREVIEWS = YES;
				GENERATE_INFOPLIST_FILE = YES;
				INFOPLIST_FILE = CineApp/Support/Info.plist;
				"INFOPLIST_KEY_UIApplicationSceneManifest_Generation[sdk=iphoneos*]" = YES;
				"INFOPLIST_KEY_UIApplicationSceneManifest_Generation[sdk=iphonesimulator*]" = YES;
				"INFOPLIST_KEY_UIApplicationSupportsIndirectInputEvents[sdk=iphoneos*]" = YES;
				"INFOPLIST_KEY_UIApplicationSupportsIndirectInputEvents[sdk=iphonesimulator*]" = YES;
				"INFOPLIST_KEY_UILaunchScreen_Generation[sdk=iphoneos*]" = YES;
				"INFOPLIST_KEY_UILaunchScreen_Generation[sdk=iphonesimulator*]" = YES;
				"INFOPLIST_KEY_UIStatusBarStyle[sdk=iphoneos*]" = UIStatusBarStyleDefault;
				"INFOPLIST_KEY_UIStatusBarStyle[sdk=iphonesimulator*]" = UIStatusBarStyleDefault;
				INFOPLIST_KEY_UISupportedInterfaceOrientations_iPad = "UIInterfaceOrientationPortrait UIInterfaceOrientationPortraitUpsideDown UIInterfaceOrientationLandscapeLeft UIInterfaceOrientationLandscapeRight";
				INFOPLIST_KEY_UISupportedInterfaceOrientations_iPhone = "UIInterfaceOrientationPortrait UIInterfaceOrientationLandscapeLeft UIInterfaceOrientationLandscapeRight";
				IPHONEOS_DEPLOYMENT_TARGET = 15.0;
				LD_RUNPATH_SEARCH_PATHS = "@executable_path/Frameworks";
				"LD_RUNPATH_SEARCH_PATHS[sdk=macosx*]" = "@executable_path/../Frameworks";
				MACOSX_DEPLOYMENT_TARGET = 13.1;
				MARKETING_VERSION = 1.0;
				PRODUCT_BUNDLE_IDENTIFIER = com.revealdottedline.CineApp;
				PRODUCT_NAME = "$(TARGET_NAME)";
				SDKROOT = auto;
				SUPPORTED_PLATFORMS = "iphoneos iphonesimulator";
				SUPPORTS_MACCATALYST = NO;
				SUPPORTS_MAC_DESIGNED_FOR_IPHONE_IPAD = NO;
				SWIFT_EMIT_LOC_STRINGS = YES;
				SWIFT_VERSION = 5.0;
				TARGETED_DEVICE_FAMILY = "1,2";
			};
			name = Release;
		};
		07C1654C2997C50E002B399B /* Debug */ = {
			isa = XCBuildConfiguration;
			buildSettings = {
				ALWAYS_EMBED_SWIFT_STANDARD_LIBRARIES = YES;
				BUNDLE_LOADER = "$(TEST_HOST)";
				CODE_SIGN_STYLE = Automatic;
				CURRENT_PROJECT_VERSION = 1;
				GENERATE_INFOPLIST_FILE = YES;
				IPHONEOS_DEPLOYMENT_TARGET = 16.2;
				MACOSX_DEPLOYMENT_TARGET = 13.1;
				MARKETING_VERSION = 1.0;
				PRODUCT_BUNDLE_IDENTIFIER = com.revealdottedline.CineAppTests;
				PRODUCT_NAME = "$(TARGET_NAME)";
				SDKROOT = auto;
				SUPPORTED_PLATFORMS = "iphoneos iphonesimulator macosx";
				SWIFT_EMIT_LOC_STRINGS = NO;
				SWIFT_VERSION = 5.0;
				TARGETED_DEVICE_FAMILY = "1,2";
				TEST_HOST = "$(BUILT_PRODUCTS_DIR)/CineApp.app/$(BUNDLE_EXECUTABLE_FOLDER_PATH)/CineApp";
			};
			name = Debug;
		};
		07C1654D2997C50E002B399B /* Release */ = {
			isa = XCBuildConfiguration;
			buildSettings = {
				ALWAYS_EMBED_SWIFT_STANDARD_LIBRARIES = YES;
				BUNDLE_LOADER = "$(TEST_HOST)";
				CODE_SIGN_STYLE = Automatic;
				CURRENT_PROJECT_VERSION = 1;
				GENERATE_INFOPLIST_FILE = YES;
				IPHONEOS_DEPLOYMENT_TARGET = 16.2;
				MACOSX_DEPLOYMENT_TARGET = 13.1;
				MARKETING_VERSION = 1.0;
				PRODUCT_BUNDLE_IDENTIFIER = com.revealdottedline.CineAppTests;
				PRODUCT_NAME = "$(TARGET_NAME)";
				SDKROOT = auto;
				SUPPORTED_PLATFORMS = "iphoneos iphonesimulator macosx";
				SWIFT_EMIT_LOC_STRINGS = NO;
				SWIFT_VERSION = 5.0;
				TARGETED_DEVICE_FAMILY = "1,2";
				TEST_HOST = "$(BUILT_PRODUCTS_DIR)/CineApp.app/$(BUNDLE_EXECUTABLE_FOLDER_PATH)/CineApp";
			};
			name = Release;
		};
		07C1654F2997C50E002B399B /* Debug */ = {
			isa = XCBuildConfiguration;
			buildSettings = {
				ALWAYS_EMBED_SWIFT_STANDARD_LIBRARIES = YES;
				CODE_SIGN_STYLE = Automatic;
				CURRENT_PROJECT_VERSION = 1;
				GENERATE_INFOPLIST_FILE = YES;
				IPHONEOS_DEPLOYMENT_TARGET = 16.2;
				MACOSX_DEPLOYMENT_TARGET = 13.1;
				MARKETING_VERSION = 1.0;
				PRODUCT_BUNDLE_IDENTIFIER = com.revealdottedline.CineAppUITests;
				PRODUCT_NAME = "$(TARGET_NAME)";
				SDKROOT = auto;
				SUPPORTED_PLATFORMS = "iphoneos iphonesimulator macosx";
				SWIFT_EMIT_LOC_STRINGS = NO;
				SWIFT_VERSION = 5.0;
				TARGETED_DEVICE_FAMILY = "1,2";
				TEST_TARGET_NAME = CineApp;
			};
			name = Debug;
		};
		07C165502997C50E002B399B /* Release */ = {
			isa = XCBuildConfiguration;
			buildSettings = {
				ALWAYS_EMBED_SWIFT_STANDARD_LIBRARIES = YES;
				CODE_SIGN_STYLE = Automatic;
				CURRENT_PROJECT_VERSION = 1;
				GENERATE_INFOPLIST_FILE = YES;
				IPHONEOS_DEPLOYMENT_TARGET = 16.2;
				MACOSX_DEPLOYMENT_TARGET = 13.1;
				MARKETING_VERSION = 1.0;
				PRODUCT_BUNDLE_IDENTIFIER = com.revealdottedline.CineAppUITests;
				PRODUCT_NAME = "$(TARGET_NAME)";
				SDKROOT = auto;
				SUPPORTED_PLATFORMS = "iphoneos iphonesimulator macosx";
				SWIFT_EMIT_LOC_STRINGS = NO;
				SWIFT_VERSION = 5.0;
				TARGETED_DEVICE_FAMILY = "1,2";
				TEST_TARGET_NAME = CineApp;
			};
			name = Release;
		};
/* End XCBuildConfiguration section */

/* Begin XCConfigurationList section */
		07C1651E2997C50C002B399B /* Build configuration list for PBXProject "CineApp" */ = {
			isa = XCConfigurationList;
			buildConfigurations = (
				07C165462997C50E002B399B /* Debug */,
				07794F32299AD1B400B4E87A /* Testing */,
				07C165472997C50E002B399B /* Release */,
			);
			defaultConfigurationIsVisible = 0;
			defaultConfigurationName = Release;
		};
		07C165482997C50E002B399B /* Build configuration list for PBXNativeTarget "CineApp" */ = {
			isa = XCConfigurationList;
			buildConfigurations = (
				07C165492997C50E002B399B /* Debug */,
				07794F33299AD1B400B4E87A /* Testing */,
				07C1654A2997C50E002B399B /* Release */,
			);
			defaultConfigurationIsVisible = 0;
			defaultConfigurationName = Release;
		};
		07C1654B2997C50E002B399B /* Build configuration list for PBXNativeTarget "CineAppTests" */ = {
			isa = XCConfigurationList;
			buildConfigurations = (
				07C1654C2997C50E002B399B /* Debug */,
				07794F34299AD1B400B4E87A /* Testing */,
				07C1654D2997C50E002B399B /* Release */,
			);
			defaultConfigurationIsVisible = 0;
			defaultConfigurationName = Release;
		};
		07C1654E2997C50E002B399B /* Build configuration list for PBXNativeTarget "CineAppUITests" */ = {
			isa = XCConfigurationList;
			buildConfigurations = (
				07C1654F2997C50E002B399B /* Debug */,
				07794F35299AD1B400B4E87A /* Testing */,
				07C165502997C50E002B399B /* Release */,
			);
			defaultConfigurationIsVisible = 0;
			defaultConfigurationName = Release;
		};
/* End XCConfigurationList section */

/* Begin XCRemoteSwiftPackageReference section */
		07C165642997CD4C002B399B /* XCRemoteSwiftPackageReference "Kingfisher" */ = {
			isa = XCRemoteSwiftPackageReference;
			repositoryURL = "https://github.com/onevcat/Kingfisher.git";
			requirement = {
				kind = upToNextMajorVersion;
				minimumVersion = 7.0.0;
			};
		};
/* End XCRemoteSwiftPackageReference section */

/* Begin XCSwiftPackageProductDependency section */
		07C165652997CD4C002B399B /* Kingfisher */ = {
			isa = XCSwiftPackageProductDependency;
			package = 07C165642997CD4C002B399B /* XCRemoteSwiftPackageReference "Kingfisher" */;
			productName = Kingfisher;
		};
/* End XCSwiftPackageProductDependency section */
	};
	rootObject = 07C1651B2997C50C002B399B /* Project object */;
}
